
Microsoft Visual Studio Solution File, Format Version 12.00
# Visual Studio Version 16
VisualStudioVersion = 16.0.30717.126
MinimumVisualStudioVersion = 10.0.40219.1
Project("{8BC9CEB8-8B4A-11D0-8D11-00A0C91BC942}") = "Trivia", "Trivia\Trivia.vcxproj", "{074B490F-7D4D-4E02-8EB1-5825722AD3F9}"
EndProject
Project("{9A19103F-16F7-4668-BE54-9A1E7A4F7556}") = "client", "C# client\client\client\client.csproj", "{B26253F8-D6A5-4A91-BDE3-E879744C6BF2}"
EndProject
Global
	GlobalSection(SolutionConfigurationPlatforms) = preSolution
		Debug|Any CPU = Debug|Any CPU
		Debug|x64 = Debug|x64
		Debug|x86 = Debug|x86
		Release|Any CPU = Release|Any CPU
		Release|x64 = Release|x64
		Release|x86 = Release|x86
	EndGlobalSection
	GlobalSection(ProjectConfigurationPlatforms) = postSolution
		{074B490F-7D4D-4E02-8EB1-5825722AD3F9}.Debug|Any CPU.ActiveCfg = Debug|Win32
		{074B490F-7D4D-4E02-8EB1-5825722AD3F9}.Debug|x64.ActiveCfg = Debug|x64
		{074B490F-7D4D-4E02-8EB1-5825722AD3F9}.Debug|x64.Build.0 = Debug|x64
		{074B490F-7D4D-4E02-8EB1-5825722AD3F9}.Debug|x86.ActiveCfg = Debug|Win32
		{074B490F-7D4D-4E02-8EB1-5825722AD3F9}.Debug|x86.Build.0 = Debug|Win32
		{074B490F-7D4D-4E02-8EB1-5825722AD3F9}.Release|Any CPU.ActiveCfg = Release|Win32
		{074B490F-7D4D-4E02-8EB1-5825722AD3F9}.Release|x64.ActiveCfg = Release|x64
		{074B490F-7D4D-4E02-8EB1-5825722AD3F9}.Release|x64.Build.0 = Release|x64
		{074B490F-7D4D-4E02-8EB1-5825722AD3F9}.Release|x86.ActiveCfg = Release|Win32
		{074B490F-7D4D-4E02-8EB1-5825722AD3F9}.Release|x86.Build.0 = Release|Win32
		{B26253F8-D6A5-4A91-BDE3-E879744C6BF2}.Debug|Any CPU.ActiveCfg = Debug|Any CPU
		{B26253F8-D6A5-4A91-BDE3-E879744C6BF2}.Debug|Any CPU.Build.0 = Debug|Any CPU
		{B26253F8-D6A5-4A91-BDE3-E879744C6BF2}.Debug|x64.ActiveCfg = Debug|Any CPU
		{B26253F8-D6A5-4A91-BDE3-E879744C6BF2}.Debug|x64.Build.0 = Debug|Any CPU
		{B26253F8-D6A5-4A91-BDE3-E879744C6BF2}.Debug|x86.ActiveCfg = Debug|Any CPU
		{B26253F8-D6A5-4A91-BDE3-E879744C6BF2}.Debug|x86.Build.0 = Debug|Any CPU
		{B26253F8-D6A5-4A91-BDE3-E879744C6BF2}.Release|Any CPU.ActiveCfg = Release|Any CPU
		{B26253F8-D6A5-4A91-BDE3-E879744C6BF2}.Release|Any CPU.Build.0 = Release|Any CPU
		{B26253F8-D6A5-4A91-BDE3-E879744C6BF2}.Release|x64.ActiveCfg = Release|Any CPU
		{B26253F8-D6A5-4A91-BDE3-E879744C6BF2}.Release|x64.Build.0 = Release|Any CPU
		{B26253F8-D6A5-4A91-BDE3-E879744C6BF2}.Release|x86.ActiveCfg = Release|Any CPU
		{B26253F8-D6A5-4A91-BDE3-E879744C6BF2}.Release|x86.Build.0 = Release|Any CPU
	EndGlobalSection
	GlobalSection(SolutionProperties) = preSolution
		HideSolutionNode = FALSE
	EndGlobalSection
	GlobalSection(ExtensibilityGlobals) = postSolution
		SolutionGuid = {0F21CBB7-2DA6-4463-A12D-2F0FC7DC00BB}
	EndGlobalSection
EndGlobal
