
Microsoft Visual Studio Solution File, Format Version 12.00
# Visual Studio Version 16
VisualStudioVersion = 16.0.31424.327
MinimumVisualStudioVersion = 10.0.40219.1
Project("{FAE04EC0-301F-11D3-BF4B-00C04F79EFBC}") = "client", "client\client.csproj", "{8C3B2D1F-E45E-46A9-96FA-8E8CD91CC2CF}"
EndProject
Global
	GlobalSection(SolutionConfigurationPlatforms) = preSolution
		Debug|Any CPU = Debug|Any CPU
		Release|Any CPU = Release|Any CPU
	EndGlobalSection
	GlobalSection(ProjectConfigurationPlatforms) = postSolution
		{8C3B2D1F-E45E-46A9-96FA-8E8CD91CC2CF}.Debug|Any CPU.ActiveCfg = Debug|Any CPU
		{8C3B2D1F-E45E-46A9-96FA-8E8CD91CC2CF}.Debug|Any CPU.Build.0 = Debug|Any CPU
		{8C3B2D1F-E45E-46A9-96FA-8E8CD91CC2CF}.Release|Any CPU.ActiveCfg = Release|Any CPU
		{8C3B2D1F-E45E-46A9-96FA-8E8CD91CC2CF}.Release|Any CPU.Build.0 = Release|Any CPU
	EndGlobalSection
	GlobalSection(SolutionProperties) = preSolution
		HideSolutionNode = FALSE
	EndGlobalSection
	GlobalSection(ExtensibilityGlobals) = postSolution
		SolutionGuid = {235C300E-3D10-46A6-828B-DB18A653C8E0}
	EndGlobalSection
EndGlobal
